
Microsoft Visual Studio Solution File, Format Version 12.00
# Visual Studio 2013
VisualStudioVersion = 12.0.31101.0
MinimumVisualStudioVersion = 10.0.40219.1
Project("{FAE04EC0-301F-11D3-BF4B-00C04F79EFBC}") = "Purchase Order Maintenance Application", "Purchase Order Maintenance Application\Purchase Order Maintenance Application.csproj", "{CA50ED3A-31E1-434F-9CA1-20E731D69BC6}"
EndProject
Global
	GlobalSection(SolutionConfigurationPlatforms) = preSolution
		Debug|Any CPU = Debug|Any CPU
		Release|Any CPU = Release|Any CPU
	EndGlobalSection
	GlobalSection(ProjectConfigurationPlatforms) = postSolution
		{CA50ED3A-31E1-434F-9CA1-20E731D69BC6}.Debug|Any CPU.ActiveCfg = Debug|Any CPU
		{CA50ED3A-31E1-434F-9CA1-20E731D69BC6}.Debug|Any CPU.Build.0 = Debug|Any CPU
		{CA50ED3A-31E1-434F-9CA1-20E731D69BC6}.Release|Any CPU.ActiveCfg = Release|Any CPU
		{CA50ED3A-31E1-434F-9CA1-20E731D69BC6}.Release|Any CPU.Build.0 = Release|Any CPU
	EndGlobalSection
	GlobalSection(SolutionProperties) = preSolution
		HideSolutionNode = FALSE
	EndGlobalSection
EndGlobal
